
Microsoft Visual Studio Solution File, Format Version 12.00
# Visual Studio 14
VisualStudioVersion = 14.0.25420.1
MinimumVisualStudioVersion = 10.0.40219.1
Project("{2150E333-8FDC-42A3-9474-1A3956D46DE8}") = "src", "src", "{B30848E5-2CC1-488A-AACF-69918F72A80D}"
EndProject
Project("{2150E333-8FDC-42A3-9474-1A3956D46DE8}") = "Solution Items", "Solution Items", "{A247E62B-8A2D-4A59-A1BD-7801CC8D8F3D}"
	ProjectSection(SolutionItems) = preProject
		global.json = global.json
	EndProjectSection
EndProject
Project("{8BB2217D-0F2D-49D1-97BC-3654ED321F3B}") = "dotnet-Core-Web-base", "src\dotnet-Core-Web-base\dotnet-Core-Web-base.xproj", "{68F7660A-011E-4BD1-B5FE-C4EB86D1B192}"
EndProject
Global
	GlobalSection(SolutionConfigurationPlatforms) = preSolution
		Debug|Any CPU = Debug|Any CPU
		Release|Any CPU = Release|Any CPU
	EndGlobalSection
	GlobalSection(ProjectConfigurationPlatforms) = postSolution
		{68F7660A-011E-4BD1-B5FE-C4EB86D1B192}.Debug|Any CPU.ActiveCfg = Debug|Any CPU
		{68F7660A-011E-4BD1-B5FE-C4EB86D1B192}.Debug|Any CPU.Build.0 = Debug|Any CPU
		{68F7660A-011E-4BD1-B5FE-C4EB86D1B192}.Release|Any CPU.ActiveCfg = Release|Any CPU
		{68F7660A-011E-4BD1-B5FE-C4EB86D1B192}.Release|Any CPU.Build.0 = Release|Any CPU
	EndGlobalSection
	GlobalSection(SolutionProperties) = preSolution
		HideSolutionNode = FALSE
	EndGlobalSection
	GlobalSection(NestedProjects) = preSolution
		{68F7660A-011E-4BD1-B5FE-C4EB86D1B192} = {B30848E5-2CC1-488A-AACF-69918F72A80D}
	EndGlobalSection
EndGlobal
